// !$*UTF8*$!
{
	archiveVersion = 1;
	classes = {
	};
	objectVersion = 77;
	objects = {

/* Begin PBXBuildFile section */
		03A42CAE370618769CCFDD13 /* ToggleRow.swift in Sources */ = {isa = PBXBuildFile; fileRef = 6B8A61FC80DD8CCEE33CE44F /* ToggleRow.swift */; };
		06F5081E41148302CE6CD834 /* CameraPreviewPopover.swift in Sources */ = {isa = PBXBuildFile; fileRef = F3FCE87B2C2A8866001ACDC7 /* CameraPreviewPopover.swift */; };
		0A2FD5596E55168495143C2F /* Assets.xcassets in Resources */ = {isa = PBXBuildFile; fileRef = 43B0E049632183783CE2B897 /* Assets.xcassets */; };
		0D4E22583DE79F6F6393C810 /* CameraMenuView.swift in Sources */ = {isa = PBXBuildFile; fileRef = 913C7F923EDEA902EF7909F5 /* CameraMenuView.swift */; };
		114932E7B3AA2B28A8B866B0 /* CADebugMacros.cpp in Sources */ = {isa = PBXBuildFile; fileRef = 1897421FE99A9D90EDB9103F /* CADebugMacros.cpp */; };
		144F61AF5910D025701314DF /* ThermalService.swift in Sources */ = {isa = PBXBuildFile; fileRef = FDE16D6D9411793AB3DF9FDA /* ThermalService.swift */; };
		1E63B3160ECA87C49019638D /* main.swift in Sources */ = {isa = PBXBuildFile; fileRef = A62B4390F833C5EFBF80BC1E /* main.swift */; };
		24104E053CB9081FEC639C08 /* FrameProcessor.swift in Sources */ = {isa = PBXBuildFile; fileRef = C19120DF198E721F7281A9DF /* FrameProcessor.swift */; };
		2A3E161CA1C58D298D46C652 /* AudioManager.swift in Sources */ = {isa = PBXBuildFile; fileRef = 7B1F4401D44DBD1EB0117877 /* AudioManager.swift */; };
		2B98DD8CA29DED508391A667 /* Localizable.strings in Resources */ = {isa = PBXBuildFile; fileRef = B5D7518972BACAFD88D5FC5F /* Localizable.strings */; };
		2DB1148A2996B0A899F0DCC0 /* Preferences.swift in Sources */ = {isa = PBXBuildFile; fileRef = 3E53E5B09417F775CC34E91E /* Preferences.swift */; };
		301ACD2D9D271AD5ED70C900 /* DisplayMirrorService.swift in Sources */ = {isa = PBXBuildFile; fileRef = F1F0CF33071117FF1111A1A1 /* DisplayMirrorService.swift */; };
		351E8193E6A9804589E25647 /* FanHelperProtocol.swift in Sources */ = {isa = PBXBuildFile; fileRef = ACEC5C801E2430E83598DF60 /* FanHelperProtocol.swift */; };
		36FC754BAF49AAA0309F59D0 /* DeviceIcon.icns in Resources */ = {isa = PBXBuildFile; fileRef = 75E50C0A760B7A959063A02A /* DeviceIcon.icns */; };
		37E1ACF29654B18D616F4375 /* MacaroniAudioProxy.bundle in Resources */ = {isa = PBXBuildFile; fileRef = D696AE189AB4CE38B83F5E3F /* MacaroniAudioProxy.bundle */; settings = {ATTRIBUTES = (CodeSignOnCopy, RemoveHeadersOnCopy, ); }; };
		3B5D4BC53C7B78D426D6D27A /* CameraManager.swift in Sources */ = {isa = PBXBuildFile; fileRef = 27F4CFC73BB2F90FE7B0C5CB /* CameraManager.swift */; };
		3F60BE797E118BDB44CC6473 /* VirtualDisplayService.swift in Sources */ = {isa = PBXBuildFile; fileRef = D278C98AF8FFB780AFF989FC /* VirtualDisplayService.swift */; };
		4114FD8EA6647A84F5760D96 /* LaunchAtLogin in Frameworks */ = {isa = PBXBuildFile; productRef = CA7FEF6A3CD0891606783468 /* LaunchAtLogin */; };
		4319134E44EAB09B856D0ECE /* ProxyAudioDevice.cpp in Sources */ = {isa = PBXBuildFile; fileRef = 96E1BCC7717DE33B4BCD22F7 /* ProxyAudioDevice.cpp */; };
		482717B5519C26F777CE2539 /* SystemExtensionManager.swift in Sources */ = {isa = PBXBuildFile; fileRef = B0A55358E40665262FEE8AF7 /* SystemExtensionManager.swift */; };
		56B9678A00B5B46BA07C433C /* CAHostTimeBase.cpp in Sources */ = {isa = PBXBuildFile; fileRef = AE8297653D58569316F5585E /* CAHostTimeBase.cpp */; };
		57BB5F2D4ED646603B1CD827 /* DisplayManager.swift in Sources */ = {isa = PBXBuildFile; fileRef = 10911AC9BAABAAAA50A39B09 /* DisplayManager.swift */; };
		58606BDCA1F664496A011F33 /* KeyboardShortcuts in Frameworks */ = {isa = PBXBuildFile; productRef = 4F26AB402A17A75844BC305E /* KeyboardShortcuts */; };
		5860988355AF2750F1880B00 /* utilities.cpp in Sources */ = {isa = PBXBuildFile; fileRef = BA890391AE3074D4B56EDBEB /* utilities.cpp */; };
		596CFA35FC4ECF790062A2E5 /* AudioDevice.cpp in Sources */ = {isa = PBXBuildFile; fileRef = D96509EBF7306919F8A3C54B /* AudioDevice.cpp */; };
		5F37534A9FCF5E80E36F4829 /* ExtensionDeviceSource.swift in Sources */ = {isa = PBXBuildFile; fileRef = B8C21B2C1714FCCD2440823C /* ExtensionDeviceSource.swift */; };
		5FCB08B5AAE1FF9631BD6E77 /* FanMenuView.swift in Sources */ = {isa = PBXBuildFile; fileRef = D2F96AB81ACF9C286BDC6134 /* FanMenuView.swift */; };
		61B9B49D603B2AA2A9D98A0B /* ExtensionStreamSource.swift in Sources */ = {isa = PBXBuildFile; fileRef = A2B4028435E76043346BD907 /* ExtensionStreamSource.swift */; };
		6C62DF101B995A4307953B3D /* MacaroniAudioDriver.cpp in Sources */ = {isa = PBXBuildFile; fileRef = 1177072FF9488DF146502C92 /* MacaroniAudioDriver.cpp */; };
		6FB668B57AE0431698BFDD69 /* SimplyCoreAudio in Frameworks */ = {isa = PBXBuildFile; productRef = 6E2A42BF616D971595BF2CBF /* SimplyCoreAudio */; };
		7DB544E8AD88E1D8AE767649 /* AudioRingBuffer.cpp in Sources */ = {isa = PBXBuildFile; fileRef = 0D806E9A903C90220ADB32EF /* AudioRingBuffer.cpp */; };
		8440A7D224F43BAE284B5FCC /* ExtensionProvider.swift in Sources */ = {isa = PBXBuildFile; fileRef = 700C07234D9752F0A0321C4C /* ExtensionProvider.swift */; };
		8B0146B289435FDF2ADFCC6A /* DDCService.swift in Sources */ = {isa = PBXBuildFile; fileRef = FFE5103C6B4CB9A7AE56A77B /* DDCService.swift */; };
		97F89031232BFA49ACD18E48 /* AudioMenuView.swift in Sources */ = {isa = PBXBuildFile; fileRef = A2EF4CAFBE391872E4AE502C /* AudioMenuView.swift */; };
		9D742A4596EC03AC11C9E437 /* AudioProxyInstaller.swift in Sources */ = {isa = PBXBuildFile; fileRef = 7BA929FD5B35CACF15746525 /* AudioProxyInstaller.swift */; };
		ADF41F2C5832CE6959274F22 /* MainMenuView.swift in Sources */ = {isa = PBXBuildFile; fileRef = 1E2BCDC61AD6E03DF21C802A /* MainMenuView.swift */; };
		B14C46AA4F31ED32A27DA651 /* CADebugPrintf.cpp in Sources */ = {isa = PBXBuildFile; fileRef = 547E5AF7D54F5BABDC8A79BF /* CADebugPrintf.cpp */; };
		B74E3ACB768AFF9FF5E77222 /* ShortcutManager.swift in Sources */ = {isa = PBXBuildFile; fileRef = 57349BEE05261C02FA223775 /* ShortcutManager.swift */; };
		BBA6534189D0F689D9A3C62D /* MacaroniAudioDriver.iig in Sources */ = {isa = PBXBuildFile; fileRef = B9309AE507B5183B32CE0116 /* MacaroniAudioDriver.iig */; };
		BDFFAF2EF86C00D1CA92EBE6 /* SMCWriteService.swift in Sources */ = {isa = PBXBuildFile; fileRef = D2847F4A564565097F019BDC /* SMCWriteService.swift */; };
		D406777071C133FF0EB22C33 /* DisplayMenuView.swift in Sources */ = {isa = PBXBuildFile; fileRef = 010C45D0A1DB7FF472D41890 /* DisplayMenuView.swift */; };
		E1A804C18517DA67406DB2D6 /* CAMutex.cpp in Sources */ = {isa = PBXBuildFile; fileRef = 31534443A4C698D0DEC1A812 /* CAMutex.cpp */; };
		E2376C2640445FF6DAE179A5 /* Solar in Frameworks */ = {isa = PBXBuildFile; productRef = 4595E03A7F2A32591A4B153A /* Solar */; };
		E58B5FE2828B88D0D2ADDDF9 /* SolarBrightnessService.swift in Sources */ = {isa = PBXBuildFile; fileRef = 02004176DC51D2F3F898869B /* SolarBrightnessService.swift */; };
		E82BE10243D5E119553EB934 /* FanCurveController.swift in Sources */ = {isa = PBXBuildFile; fileRef = 1BD32E2A5F45268F3041583F /* FanCurveController.swift */; };
		EBF4FF271749E3368C26284A /* FanHelperInstaller.swift in Sources */ = {isa = PBXBuildFile; fileRef = 46706974947C289C36D53621 /* FanHelperInstaller.swift */; };
		F2E2239D2830719B234E0D4D /* MacaroniApp.swift in Sources */ = {isa = PBXBuildFile; fileRef = 4AFA2EE163561C24BE2B71A1 /* MacaroniApp.swift */; };
		F716D70C32EF869103292315 /* SliderRow.swift in Sources */ = {isa = PBXBuildFile; fileRef = 074B7B8435E3689899573B1F /* SliderRow.swift */; };
/* End PBXBuildFile section */

/* Begin PBXContainerItemProxy section */
		4F18E3B062D51884A047FB61 /* PBXContainerItemProxy */ = {
			isa = PBXContainerItemProxy;
			containerPortal = 0A552AD462823B5D3DF2BFFC /* Project object */;
			proxyType = 1;
			remoteGlobalIDString = 772D6B5879866581DC383B94;
			remoteInfo = MacaroniAudioProxy;
		};
/* End PBXContainerItemProxy section */

/* Begin PBXFileReference section */
		010C45D0A1DB7FF472D41890 /* DisplayMenuView.swift */ = {isa = PBXFileReference; lastKnownFileType = sourcecode.swift; path = DisplayMenuView.swift; sourceTree = "<group>"; };
		01C3A7BD9758D089D219BD26 /* utilities.h */ = {isa = PBXFileReference; lastKnownFileType = sourcecode.c.h; path = utilities.h; sourceTree = "<group>"; };
		02004176DC51D2F3F898869B /* SolarBrightnessService.swift */ = {isa = PBXFileReference; lastKnownFileType = sourcecode.swift; path = SolarBrightnessService.swift; sourceTree = "<group>"; };
		0241671C5C653F954BD0AA98 /* debugHelpers.h */ = {isa = PBXFileReference; lastKnownFileType = sourcecode.c.h; path = debugHelpers.h; sourceTree = "<group>"; };
		074B7B8435E3689899573B1F /* SliderRow.swift */ = {isa = PBXFileReference; lastKnownFileType = sourcecode.swift; path = SliderRow.swift; sourceTree = "<group>"; };
		0D806E9A903C90220ADB32EF /* AudioRingBuffer.cpp */ = {isa = PBXFileReference; lastKnownFileType = sourcecode.cpp.cpp; path = AudioRingBuffer.cpp; sourceTree = "<group>"; };
		10911AC9BAABAAAA50A39B09 /* DisplayManager.swift */ = {isa = PBXFileReference; lastKnownFileType = sourcecode.swift; path = DisplayManager.swift; sourceTree = "<group>"; };
		1177072FF9488DF146502C92 /* MacaroniAudioDriver.cpp */ = {isa = PBXFileReference; lastKnownFileType = sourcecode.cpp.cpp; path = MacaroniAudioDriver.cpp; sourceTree = "<group>"; };
		149467A703482E725F8D8871 /* Info.plist */ = {isa = PBXFileReference; lastKnownFileType = text.plist; path = Info.plist; sourceTree = "<group>"; };
		1657A78B8A2763883EBAEDEB /* MacaroniFanHelper */ = {isa = PBXFileReference; includeInIndex = 0; path = MacaroniFanHelper; sourceTree = BUILT_PRODUCTS_DIR; };
		1897421FE99A9D90EDB9103F /* CADebugMacros.cpp */ = {isa = PBXFileReference; lastKnownFileType = sourcecode.cpp.cpp; path = CADebugMacros.cpp; sourceTree = "<group>"; };
		1BD32E2A5F45268F3041583F /* FanCurveController.swift */ = {isa = PBXFileReference; lastKnownFileType = sourcecode.swift; path = FanCurveController.swift; sourceTree = "<group>"; };
		1E2BCDC61AD6E03DF21C802A /* MainMenuView.swift */ = {isa = PBXFileReference; lastKnownFileType = sourcecode.swift; path = MainMenuView.swift; sourceTree = "<group>"; };
		27F4CFC73BB2F90FE7B0C5CB /* CameraManager.swift */ = {isa = PBXFileReference; lastKnownFileType = sourcecode.swift; path = CameraManager.swift; sourceTree = "<group>"; };
		2F699CAB86C96F2417277A79 /* Macaroni.entitlements */ = {isa = PBXFileReference; lastKnownFileType = text.plist.entitlements; path = Macaroni.entitlements; sourceTree = "<group>"; };
		31534443A4C698D0DEC1A812 /* CAMutex.cpp */ = {isa = PBXFileReference; lastKnownFileType = sourcecode.cpp.cpp; path = CAMutex.cpp; sourceTree = "<group>"; };
		3896E5A08BD3E1C760B77043 /* Macaroni-Bridging-Header.h */ = {isa = PBXFileReference; lastKnownFileType = sourcecode.c.h; path = "Macaroni-Bridging-Header.h"; sourceTree = "<group>"; };
		3E53E5B09417F775CC34E91E /* Preferences.swift */ = {isa = PBXFileReference; lastKnownFileType = sourcecode.swift; path = Preferences.swift; sourceTree = "<group>"; };
		4181249F663944E6781D0D1A /* CGVirtualDisplay.h */ = {isa = PBXFileReference; lastKnownFileType = sourcecode.c.h; path = CGVirtualDisplay.h; sourceTree = "<group>"; };
		43B0E049632183783CE2B897 /* Assets.xcassets */ = {isa = PBXFileReference; lastKnownFileType = folder.assetcatalog; path = Assets.xcassets; sourceTree = "<group>"; };
		46706974947C289C36D53621 /* FanHelperInstaller.swift */ = {isa = PBXFileReference; lastKnownFileType = sourcecode.swift; path = FanHelperInstaller.swift; sourceTree = "<group>"; };
		48BD2D841F3F29C2BC39D314 /* MacaroniCameraExtension.systemextension */ = {isa = PBXFileReference; explicitFileType = "wrapper.system-extension"; includeInIndex = 0; path = MacaroniCameraExtension.systemextension; sourceTree = BUILT_PRODUCTS_DIR; };
		4AFA2EE163561C24BE2B71A1 /* MacaroniApp.swift */ = {isa = PBXFileReference; lastKnownFileType = sourcecode.swift; path = MacaroniApp.swift; sourceTree = "<group>"; };
		5009920BF1363D5FCB9F0B16 /* CAMutex.h */ = {isa = PBXFileReference; lastKnownFileType = sourcecode.c.h; path = CAMutex.h; sourceTree = "<group>"; };
		5268F5998FDA5980FC9BE956 /* AudioRingBuffer.h */ = {isa = PBXFileReference; lastKnownFileType = sourcecode.c.h; path = AudioRingBuffer.h; sourceTree = "<group>"; };
		547E5AF7D54F5BABDC8A79BF /* CADebugPrintf.cpp */ = {isa = PBXFileReference; lastKnownFileType = sourcecode.cpp.cpp; path = CADebugPrintf.cpp; sourceTree = "<group>"; };
		57349BEE05261C02FA223775 /* ShortcutManager.swift */ = {isa = PBXFileReference; lastKnownFileType = sourcecode.swift; path = ShortcutManager.swift; sourceTree = "<group>"; };
		698DECB5E5A0CA35B92A3A30 /* ProxyAudioDevice.h */ = {isa = PBXFileReference; lastKnownFileType = sourcecode.c.h; path = ProxyAudioDevice.h; sourceTree = "<group>"; };
		6B8A61FC80DD8CCEE33CE44F /* ToggleRow.swift */ = {isa = PBXFileReference; lastKnownFileType = sourcecode.swift; path = ToggleRow.swift; sourceTree = "<group>"; };
		700C07234D9752F0A0321C4C /* ExtensionProvider.swift */ = {isa = PBXFileReference; lastKnownFileType = sourcecode.swift; path = ExtensionProvider.swift; sourceTree = "<group>"; };
		75E50C0A760B7A959063A02A /* DeviceIcon.icns */ = {isa = PBXFileReference; lastKnownFileType = image.icns; path = DeviceIcon.icns; sourceTree = "<group>"; };
		7B1F4401D44DBD1EB0117877 /* AudioManager.swift */ = {isa = PBXFileReference; lastKnownFileType = sourcecode.swift; path = AudioManager.swift; sourceTree = "<group>"; };
		7BA929FD5B35CACF15746525 /* AudioProxyInstaller.swift */ = {isa = PBXFileReference; lastKnownFileType = sourcecode.swift; path = AudioProxyInstaller.swift; sourceTree = "<group>"; };
		84B08A3152CC9D9A0C1F99D2 /* Macaroni.app */ = {isa = PBXFileReference; explicitFileType = wrapper.application; includeInIndex = 0; path = Macaroni.app; sourceTree = BUILT_PRODUCTS_DIR; };
		87AD731437E4961213AD57CD /* MacaroniAudioExtension.entitlements */ = {isa = PBXFileReference; lastKnownFileType = text.plist.entitlements; path = MacaroniAudioExtension.entitlements; sourceTree = "<group>"; };
		913C7F923EDEA902EF7909F5 /* CameraMenuView.swift */ = {isa = PBXFileReference; lastKnownFileType = sourcecode.swift; path = CameraMenuView.swift; sourceTree = "<group>"; };
		94ADCAD9F838A85A7EC644F5 /* MacaroniAudioExtension.dext */ = {isa = PBXFileReference; explicitFileType = "wrapper.driver-extension"; includeInIndex = 0; path = MacaroniAudioExtension.dext; sourceTree = BUILT_PRODUCTS_DIR; };
		96E1BCC7717DE33B4BCD22F7 /* ProxyAudioDevice.cpp */ = {isa = PBXFileReference; lastKnownFileType = sourcecode.cpp.cpp; path = ProxyAudioDevice.cpp; sourceTree = "<group>"; };
		9E033F7631970336901E499A /* Info.plist */ = {isa = PBXFileReference; lastKnownFileType = text.plist; path = Info.plist; sourceTree = "<group>"; };
		A2B4028435E76043346BD907 /* ExtensionStreamSource.swift */ = {isa = PBXFileReference; lastKnownFileType = sourcecode.swift; path = ExtensionStreamSource.swift; sourceTree = "<group>"; };
		A2EF4CAFBE391872E4AE502C /* AudioMenuView.swift */ = {isa = PBXFileReference; lastKnownFileType = sourcecode.swift; path = AudioMenuView.swift; sourceTree = "<group>"; };
		A62B4390F833C5EFBF80BC1E /* main.swift */ = {isa = PBXFileReference; lastKnownFileType = sourcecode.swift; path = main.swift; sourceTree = "<group>"; };
		A8573ECD0BCFECD06009DD3A /* CADebugMacros.h */ = {isa = PBXFileReference; lastKnownFileType = sourcecode.c.h; path = CADebugMacros.h; sourceTree = "<group>"; };
		AA0A4FDA3D6BA785127E11E2 /* CAHostTimeBase.h */ = {isa = PBXFileReference; lastKnownFileType = sourcecode.c.h; path = CAHostTimeBase.h; sourceTree = "<group>"; };
		AC456EC3EDA4704D93BC4EFE /* CAException.h */ = {isa = PBXFileReference; lastKnownFileType = sourcecode.c.h; path = CAException.h; sourceTree = "<group>"; };
		ACEC5C801E2430E83598DF60 /* FanHelperProtocol.swift */ = {isa = PBXFileReference; lastKnownFileType = sourcecode.swift; path = FanHelperProtocol.swift; sourceTree = "<group>"; };
		AE8297653D58569316F5585E /* CAHostTimeBase.cpp */ = {isa = PBXFileReference; lastKnownFileType = sourcecode.cpp.cpp; path = CAHostTimeBase.cpp; sourceTree = "<group>"; };
		B0A55358E40665262FEE8AF7 /* SystemExtensionManager.swift */ = {isa = PBXFileReference; lastKnownFileType = sourcecode.swift; path = SystemExtensionManager.swift; sourceTree = "<group>"; };
		B5D7518972BACAFD88D5FC5F /* Localizable.strings */ = {isa = PBXFileReference; lastKnownFileType = text.plist.strings; name = Localizable.strings; path = English.lproj/Localizable.strings; sourceTree = "<group>"; };
		B8C21B2C1714FCCD2440823C /* ExtensionDeviceSource.swift */ = {isa = PBXFileReference; lastKnownFileType = sourcecode.swift; path = ExtensionDeviceSource.swift; sourceTree = "<group>"; };
		B9309AE507B5183B32CE0116 /* MacaroniAudioDriver.iig */ = {isa = PBXFileReference; lastKnownFileType = sourcecode.iig; path = MacaroniAudioDriver.iig; sourceTree = "<group>"; };
		BA890391AE3074D4B56EDBEB /* utilities.cpp */ = {isa = PBXFileReference; lastKnownFileType = sourcecode.cpp.cpp; path = utilities.cpp; sourceTree = "<group>"; };
		C19120DF198E721F7281A9DF /* FrameProcessor.swift */ = {isa = PBXFileReference; lastKnownFileType = sourcecode.swift; path = FrameProcessor.swift; sourceTree = "<group>"; };
		C901AE358AB08CC3F04B464A /* Info.plist */ = {isa = PBXFileReference; lastKnownFileType = text.plist; path = Info.plist; sourceTree = "<group>"; };
		CA31D5A9831EBE7BB9CF1CDA /* CFTypeHelpers.h */ = {isa = PBXFileReference; lastKnownFileType = sourcecode.c.h; path = CFTypeHelpers.h; sourceTree = "<group>"; };
		D278C98AF8FFB780AFF989FC /* VirtualDisplayService.swift */ = {isa = PBXFileReference; lastKnownFileType = sourcecode.swift; path = VirtualDisplayService.swift; sourceTree = "<group>"; };
		D2847F4A564565097F019BDC /* SMCWriteService.swift */ = {isa = PBXFileReference; lastKnownFileType = sourcecode.swift; path = SMCWriteService.swift; sourceTree = "<group>"; };
		D2F96AB81ACF9C286BDC6134 /* FanMenuView.swift */ = {isa = PBXFileReference; lastKnownFileType = sourcecode.swift; path = FanMenuView.swift; sourceTree = "<group>"; };
		D696AE189AB4CE38B83F5E3F /* MacaroniAudioProxy.bundle */ = {isa = PBXFileReference; explicitFileType = wrapper.cfbundle; includeInIndex = 0; path = MacaroniAudioProxy.bundle; sourceTree = BUILT_PRODUCTS_DIR; };
		D96509EBF7306919F8A3C54B /* AudioDevice.cpp */ = {isa = PBXFileReference; lastKnownFileType = sourcecode.cpp.cpp; path = AudioDevice.cpp; sourceTree = "<group>"; };
		E0B26FCAABB54E8DD0E21128 /* CADebugPrintf.h */ = {isa = PBXFileReference; lastKnownFileType = sourcecode.c.h; path = CADebugPrintf.h; sourceTree = "<group>"; };
		EEDCC59E1FA75654DA13B339 /* AudioDevice.h */ = {isa = PBXFileReference; lastKnownFileType = sourcecode.c.h; path = AudioDevice.h; sourceTree = "<group>"; };
		F1F0CF33071117FF1111A1A1 /* DisplayMirrorService.swift */ = {isa = PBXFileReference; lastKnownFileType = sourcecode.swift; path = DisplayMirrorService.swift; sourceTree = "<group>"; };
		F3FCE87B2C2A8866001ACDC7 /* CameraPreviewPopover.swift */ = {isa = PBXFileReference; lastKnownFileType = sourcecode.swift; path = CameraPreviewPopover.swift; sourceTree = "<group>"; };
		FDE16D6D9411793AB3DF9FDA /* ThermalService.swift */ = {isa = PBXFileReference; lastKnownFileType = sourcecode.swift; path = ThermalService.swift; sourceTree = "<group>"; };
		FFE5103C6B4CB9A7AE56A77B /* DDCService.swift */ = {isa = PBXFileReference; lastKnownFileType = sourcecode.swift; path = DDCService.swift; sourceTree = "<group>"; };
/* End PBXFileReference section */

/* Begin PBXFrameworksBuildPhase section */
		FF87D64A449D61183DD218E4 /* Frameworks */ = {
			isa = PBXFrameworksBuildPhase;
			buildActionMask = 2147483647;
			files = (
				58606BDCA1F664496A011F33 /* KeyboardShortcuts in Frameworks */,
				6FB668B57AE0431698BFDD69 /* SimplyCoreAudio in Frameworks */,
				E2376C2640445FF6DAE179A5 /* Solar in Frameworks */,
				4114FD8EA6647A84F5760D96 /* LaunchAtLogin in Frameworks */,
			);
			runOnlyForDeploymentPostprocessing = 0;
		};
/* End PBXFrameworksBuildPhase section */

/* Begin PBXGroup section */
		0506B442C4365696A859DB02 /* FanControl */ = {
			isa = PBXGroup;
			children = (
				1BD32E2A5F45268F3041583F /* FanCurveController.swift */,
				46706974947C289C36D53621 /* FanHelperInstaller.swift */,
				D2F96AB81ACF9C286BDC6134 /* FanMenuView.swift */,
				FDE16D6D9411793AB3DF9FDA /* ThermalService.swift */,
			);
			path = FanControl;
			sourceTree = "<group>";
		};
		075AC550EC09872F356EF4A7 = {
			isa = PBXGroup;
			children = (
				DB91FCE4C665C1DFC4FE6474 /* Macaroni */,
				DB9FF52E5569317DFED64707 /* MacaroniAudioExtension */,
				5F81B7C84213A2FF22D45026 /* MacaroniAudioProxy */,
				2AED60657E025AB7D5195227 /* MacaroniCameraExtension */,
				44BEDE7EDE70456665B04A46 /* MacaroniFanHelper */,
				AB376E85C8C196421FFB8F4C /* Resources */,
				C964582EFF465EA4BBA8C3FB /* Products */,
			);
			sourceTree = "<group>";
		};
		124C928607D4E4CD2FE52686 /* Camera */ = {
			isa = PBXGroup;
			children = (
				27F4CFC73BB2F90FE7B0C5CB /* CameraManager.swift */,
				913C7F923EDEA902EF7909F5 /* CameraMenuView.swift */,
				F3FCE87B2C2A8866001ACDC7 /* CameraPreviewPopover.swift */,
				C19120DF198E721F7281A9DF /* FrameProcessor.swift */,
			);
			path = Camera;
			sourceTree = "<group>";
		};
		2AED60657E025AB7D5195227 /* MacaroniCameraExtension */ = {
			isa = PBXGroup;
			children = (
				B8C21B2C1714FCCD2440823C /* ExtensionDeviceSource.swift */,
				700C07234D9752F0A0321C4C /* ExtensionProvider.swift */,
				A2B4028435E76043346BD907 /* ExtensionStreamSource.swift */,
				9E033F7631970336901E499A /* Info.plist */,
			);
			path = MacaroniCameraExtension;
			sourceTree = "<group>";
		};
		2ED6A9DACAFF2A3AB1E1A44D /* Components */ = {
			isa = PBXGroup;
			children = (
				074B7B8435E3689899573B1F /* SliderRow.swift */,
				6B8A61FC80DD8CCEE33CE44F /* ToggleRow.swift */,
			);
			path = Components;
			sourceTree = "<group>";
		};
		32A0A9E72C507C3DCB86591E /* App */ = {
			isa = PBXGroup;
			children = (
				C901AE358AB08CC3F04B464A /* Info.plist */,
				4AFA2EE163561C24BE2B71A1 /* MacaroniApp.swift */,
			);
			path = App;
			sourceTree = "<group>";
		};
		37C8709392767EBD04185A51 /* PublicUtility */ = {
			isa = PBXGroup;
			children = (
				1897421FE99A9D90EDB9103F /* CADebugMacros.cpp */,
				A8573ECD0BCFECD06009DD3A /* CADebugMacros.h */,
				547E5AF7D54F5BABDC8A79BF /* CADebugPrintf.cpp */,
				E0B26FCAABB54E8DD0E21128 /* CADebugPrintf.h */,
				AC456EC3EDA4704D93BC4EFE /* CAException.h */,
				AE8297653D58569316F5585E /* CAHostTimeBase.cpp */,
				AA0A4FDA3D6BA785127E11E2 /* CAHostTimeBase.h */,
				31534443A4C698D0DEC1A812 /* CAMutex.cpp */,
				5009920BF1363D5FCB9F0B16 /* CAMutex.h */,
			);
			path = PublicUtility;
			sourceTree = "<group>";
		};
		44BEDE7EDE70456665B04A46 /* MacaroniFanHelper */ = {
			isa = PBXGroup;
			children = (
				ACEC5C801E2430E83598DF60 /* FanHelperProtocol.swift */,
				A62B4390F833C5EFBF80BC1E /* main.swift */,
				D2847F4A564565097F019BDC /* SMCWriteService.swift */,
			);
			path = MacaroniFanHelper;
			sourceTree = "<group>";
		};
		49D1D374F7AD196AFD7E17BD /* Features */ = {
			isa = PBXGroup;
			children = (
				802FC7CE2F98CA12ABE12F21 /* Audio */,
				124C928607D4E4CD2FE52686 /* Camera */,
				A0B5C20F8C37BC98BFF738D7 /* Display */,
				0506B442C4365696A859DB02 /* FanControl */,
			);
			path = Features;
			sourceTree = "<group>";
		};
		5F81B7C84213A2FF22D45026 /* MacaroniAudioProxy */ = {
			isa = PBXGroup;
			children = (
				37C8709392767EBD04185A51 /* PublicUtility */,
				6FCC57A96314C74D811E3E23 /* Resources */,
				9A0AAA90E8FA595818D31211 /* Source */,
			);
			path = MacaroniAudioProxy;
			sourceTree = "<group>";
		};
		6FCC57A96314C74D811E3E23 /* Resources */ = {
			isa = PBXGroup;
			children = (
				75E50C0A760B7A959063A02A /* DeviceIcon.icns */,
				B5D7518972BACAFD88D5FC5F /* Localizable.strings */,
			);
			path = Resources;
			sourceTree = "<group>";
		};
		7C9BDA83DC815F3A3918C731 /* Core */ = {
			isa = PBXGroup;
			children = (
				3E53E5B09417F775CC34E91E /* Preferences.swift */,
				57349BEE05261C02FA223775 /* ShortcutManager.swift */,
				B0A55358E40665262FEE8AF7 /* SystemExtensionManager.swift */,
			);
			path = Core;
			sourceTree = "<group>";
		};
		802FC7CE2F98CA12ABE12F21 /* Audio */ = {
			isa = PBXGroup;
			children = (
				7B1F4401D44DBD1EB0117877 /* AudioManager.swift */,
				A2EF4CAFBE391872E4AE502C /* AudioMenuView.swift */,
				7BA929FD5B35CACF15746525 /* AudioProxyInstaller.swift */,
			);
			path = Audio;
			sourceTree = "<group>";
		};
		8B5A542D6B34C2D69DA75DEE /* PrivateAPIs */ = {
			isa = PBXGroup;
			children = (
				4181249F663944E6781D0D1A /* CGVirtualDisplay.h */,
			);
			path = PrivateAPIs;
			sourceTree = "<group>";
		};
		9A0AAA90E8FA595818D31211 /* Source */ = {
			isa = PBXGroup;
			children = (
				D96509EBF7306919F8A3C54B /* AudioDevice.cpp */,
				EEDCC59E1FA75654DA13B339 /* AudioDevice.h */,
				0D806E9A903C90220ADB32EF /* AudioRingBuffer.cpp */,
				5268F5998FDA5980FC9BE956 /* AudioRingBuffer.h */,
				CA31D5A9831EBE7BB9CF1CDA /* CFTypeHelpers.h */,
				0241671C5C653F954BD0AA98 /* debugHelpers.h */,
				96E1BCC7717DE33B4BCD22F7 /* ProxyAudioDevice.cpp */,
				698DECB5E5A0CA35B92A3A30 /* ProxyAudioDevice.h */,
				BA890391AE3074D4B56EDBEB /* utilities.cpp */,
				01C3A7BD9758D089D219BD26 /* utilities.h */,
			);
			path = Source;
			sourceTree = "<group>";
		};
		A0B5C20F8C37BC98BFF738D7 /* Display */ = {
			isa = PBXGroup;
			children = (
				8B5A542D6B34C2D69DA75DEE /* PrivateAPIs */,
				FFE5103C6B4CB9A7AE56A77B /* DDCService.swift */,
				10911AC9BAABAAAA50A39B09 /* DisplayManager.swift */,
				010C45D0A1DB7FF472D41890 /* DisplayMenuView.swift */,
				F1F0CF33071117FF1111A1A1 /* DisplayMirrorService.swift */,
				02004176DC51D2F3F898869B /* SolarBrightnessService.swift */,
				D278C98AF8FFB780AFF989FC /* VirtualDisplayService.swift */,
			);
			path = Display;
			sourceTree = "<group>";
		};
		AB376E85C8C196421FFB8F4C /* Resources */ = {
			isa = PBXGroup;
			children = (
				43B0E049632183783CE2B897 /* Assets.xcassets */,
			);
			path = Resources;
			sourceTree = "<group>";
		};
		B337CD77BCF91AB8D36B0788 /* UI */ = {
			isa = PBXGroup;
			children = (
				2ED6A9DACAFF2A3AB1E1A44D /* Components */,
				1E2BCDC61AD6E03DF21C802A /* MainMenuView.swift */,
			);
			path = UI;
			sourceTree = "<group>";
		};
		C964582EFF465EA4BBA8C3FB /* Products */ = {
			isa = PBXGroup;
			children = (
				84B08A3152CC9D9A0C1F99D2 /* Macaroni.app */,
				94ADCAD9F838A85A7EC644F5 /* MacaroniAudioExtension.dext */,
				D696AE189AB4CE38B83F5E3F /* MacaroniAudioProxy.bundle */,
				48BD2D841F3F29C2BC39D314 /* MacaroniCameraExtension.systemextension */,
				1657A78B8A2763883EBAEDEB /* MacaroniFanHelper */,
			);
			name = Products;
			sourceTree = "<group>";
		};
		DB91FCE4C665C1DFC4FE6474 /* Macaroni */ = {
			isa = PBXGroup;
			children = (
				32A0A9E72C507C3DCB86591E /* App */,
				7C9BDA83DC815F3A3918C731 /* Core */,
				49D1D374F7AD196AFD7E17BD /* Features */,
				B337CD77BCF91AB8D36B0788 /* UI */,
				3896E5A08BD3E1C760B77043 /* Macaroni-Bridging-Header.h */,
				2F699CAB86C96F2417277A79 /* Macaroni.entitlements */,
			);
			path = Macaroni;
			sourceTree = "<group>";
		};
		DB9FF52E5569317DFED64707 /* MacaroniAudioExtension */ = {
			isa = PBXGroup;
			children = (
				149467A703482E725F8D8871 /* Info.plist */,
				1177072FF9488DF146502C92 /* MacaroniAudioDriver.cpp */,
				B9309AE507B5183B32CE0116 /* MacaroniAudioDriver.iig */,
				87AD731437E4961213AD57CD /* MacaroniAudioExtension.entitlements */,
			);
			path = MacaroniAudioExtension;
			sourceTree = "<group>";
		};
/* End PBXGroup section */

/* Begin PBXNativeTarget section */
		158444AFC69CE780D5C9154D /* MacaroniAudioExtension */ = {
			isa = PBXNativeTarget;
			buildConfigurationList = B4202770EEDBD4936D6F7AC0 /* Build configuration list for PBXNativeTarget "MacaroniAudioExtension" */;
			buildPhases = (
				9DE00331282383E28613058D /* Sources */,
			);
			buildRules = (
			);
			dependencies = (
			);
			name = MacaroniAudioExtension;
			packageProductDependencies = (
			);
			productName = MacaroniAudioExtension;
			productReference = 94ADCAD9F838A85A7EC644F5 /* MacaroniAudioExtension.dext */;
			productType = "com.apple.product-type.driver-extension";
		};
		52EAB5177BE1CAC188D896F7 /* MacaroniCameraExtension */ = {
			isa = PBXNativeTarget;
			buildConfigurationList = 1ECA2C60530DB8D6E5999991 /* Build configuration list for PBXNativeTarget "MacaroniCameraExtension" */;
			buildPhases = (
				B6F7E8BFCAECE5C0897F3F15 /* Sources */,
			);
			buildRules = (
			);
			dependencies = (
			);
			name = MacaroniCameraExtension;
			packageProductDependencies = (
			);
			productName = MacaroniCameraExtension;
			productReference = 48BD2D841F3F29C2BC39D314 /* MacaroniCameraExtension.systemextension */;
			productType = "com.apple.product-type.system-extension";
		};
		58B7841940253C7F54543D26 /* Macaroni */ = {
			isa = PBXNativeTarget;
			buildConfigurationList = 18FA692D0694A6CEA7A43039 /* Build configuration list for PBXNativeTarget "Macaroni" */;
			buildPhases = (
				3B5BC056EBC07871B6CD9CA2 /* Sources */,
				D703FFCF3585B6F0B5B83F2F /* Resources */,
				FF87D64A449D61183DD218E4 /* Frameworks */,
			);
			buildRules = (
			);
			dependencies = (
				3B1C977378B0D590E8B7BBFF /* PBXTargetDependency */,
			);
			name = Macaroni;
			packageProductDependencies = (
				4F26AB402A17A75844BC305E /* KeyboardShortcuts */,
				6E2A42BF616D971595BF2CBF /* SimplyCoreAudio */,
				4595E03A7F2A32591A4B153A /* Solar */,
				CA7FEF6A3CD0891606783468 /* LaunchAtLogin */,
			);
			productName = Macaroni;
			productReference = 84B08A3152CC9D9A0C1F99D2 /* Macaroni.app */;
			productType = "com.apple.product-type.application";
		};
		772D6B5879866581DC383B94 /* MacaroniAudioProxy */ = {
			isa = PBXNativeTarget;
			buildConfigurationList = 5248B936104E081C93B1C8CB /* Build configuration list for PBXNativeTarget "MacaroniAudioProxy" */;
			buildPhases = (
				5E07E6FD9F95B6A75CBB9FE6 /* Sources */,
				C854DF4E15F1218A37591A41 /* Resources */,
			);
			buildRules = (
			);
			dependencies = (
			);
			name = MacaroniAudioProxy;
			packageProductDependencies = (
			);
			productName = MacaroniAudioProxy;
			productReference = D696AE189AB4CE38B83F5E3F /* MacaroniAudioProxy.bundle */;
			productType = "com.apple.product-type.bundle";
		};
		DBFC36BE20B89D8307BCE744 /* MacaroniFanHelper */ = {
			isa = PBXNativeTarget;
			buildConfigurationList = 22C3BBF9BF01EAD67D64E72E /* Build configuration list for PBXNativeTarget "MacaroniFanHelper" */;
			buildPhases = (
				88C7F49A8EB23A4D85FE0326 /* Sources */,
			);
			buildRules = (
			);
			dependencies = (
			);
			name = MacaroniFanHelper;
			packageProductDependencies = (
			);
			productName = MacaroniFanHelper;
			productReference = 1657A78B8A2763883EBAEDEB /* MacaroniFanHelper */;
			productType = "com.apple.product-type.tool";
		};
/* End PBXNativeTarget section */

/* Begin PBXProject section */
		0A552AD462823B5D3DF2BFFC /* Project object */ = {
			isa = PBXProject;
			attributes = {
				BuildIndependentTargetsInParallel = YES;
				LastUpgradeCheck = 1430;
				TargetAttributes = {
					158444AFC69CE780D5C9154D = {
						DevelopmentTeam = 43QM98RMK6;
						ProvisioningStyle = Automatic;
					};
					52EAB5177BE1CAC188D896F7 = {
						DevelopmentTeam = 43QM98RMK6;
						ProvisioningStyle = Automatic;
					};
					58B7841940253C7F54543D26 = {
						DevelopmentTeam = 43QM98RMK6;
						ProvisioningStyle = Automatic;
					};
					772D6B5879866581DC383B94 = {
						DevelopmentTeam = 43QM98RMK6;
						ProvisioningStyle = Automatic;
					};
					DBFC36BE20B89D8307BCE744 = {
						DevelopmentTeam = 43QM98RMK6;
						ProvisioningStyle = Automatic;
					};
				};
			};
			buildConfigurationList = 19D0FA0D72D687E48BB186F3 /* Build configuration list for PBXProject "Macaroni" */;
			compatibilityVersion = "Xcode 14.0";
			developmentRegion = en;
			hasScannedForEncodings = 0;
			knownRegions = (
				Base,
				English,
				en,
			);
			mainGroup = 075AC550EC09872F356EF4A7;
			minimizedProjectReferenceProxies = 1;
			packageReferences = (
				E77520DE6C180438F2DD22AD /* XCRemoteSwiftPackageReference "KeyboardShortcuts" */,
				3E410B4BFB6AF85E2A06EDA4 /* XCRemoteSwiftPackageReference "LaunchAtLogin-Modern" */,
				D88A44F2E8B15853A81E7E9A /* XCRemoteSwiftPackageReference "SimplyCoreAudio" */,
				5CF4C7F21D5FD953E353947D /* XCRemoteSwiftPackageReference "Solar" */,
			);
			preferredProjectObjectVersion = 77;
			projectDirPath = "";
			projectRoot = "";
			targets = (
				58B7841940253C7F54543D26 /* Macaroni */,
				158444AFC69CE780D5C9154D /* MacaroniAudioExtension */,
				772D6B5879866581DC383B94 /* MacaroniAudioProxy */,
				52EAB5177BE1CAC188D896F7 /* MacaroniCameraExtension */,
				DBFC36BE20B89D8307BCE744 /* MacaroniFanHelper */,
			);
		};
/* End PBXProject section */

/* Begin PBXResourcesBuildPhase section */
		C854DF4E15F1218A37591A41 /* Resources */ = {
			isa = PBXResourcesBuildPhase;
			buildActionMask = 2147483647;
			files = (
				36FC754BAF49AAA0309F59D0 /* DeviceIcon.icns in Resources */,
				2B98DD8CA29DED508391A667 /* Localizable.strings in Resources */,
			);
			runOnlyForDeploymentPostprocessing = 0;
		};
		D703FFCF3585B6F0B5B83F2F /* Resources */ = {
			isa = PBXResourcesBuildPhase;
			buildActionMask = 2147483647;
			files = (
				0A2FD5596E55168495143C2F /* Assets.xcassets in Resources */,
				37E1ACF29654B18D616F4375 /* MacaroniAudioProxy.bundle in Resources */,
			);
			runOnlyForDeploymentPostprocessing = 0;
		};
/* End PBXResourcesBuildPhase section */

/* Begin PBXSourcesBuildPhase section */
		3B5BC056EBC07871B6CD9CA2 /* Sources */ = {
			isa = PBXSourcesBuildPhase;
			buildActionMask = 2147483647;
			files = (
				2A3E161CA1C58D298D46C652 /* AudioManager.swift in Sources */,
				97F89031232BFA49ACD18E48 /* AudioMenuView.swift in Sources */,
				9D742A4596EC03AC11C9E437 /* AudioProxyInstaller.swift in Sources */,
				3B5D4BC53C7B78D426D6D27A /* CameraManager.swift in Sources */,
				0D4E22583DE79F6F6393C810 /* CameraMenuView.swift in Sources */,
				06F5081E41148302CE6CD834 /* CameraPreviewPopover.swift in Sources */,
				8B0146B289435FDF2ADFCC6A /* DDCService.swift in Sources */,
				57BB5F2D4ED646603B1CD827 /* DisplayManager.swift in Sources */,
				D406777071C133FF0EB22C33 /* DisplayMenuView.swift in Sources */,
				301ACD2D9D271AD5ED70C900 /* DisplayMirrorService.swift in Sources */,
				E82BE10243D5E119553EB934 /* FanCurveController.swift in Sources */,
				EBF4FF271749E3368C26284A /* FanHelperInstaller.swift in Sources */,
				5FCB08B5AAE1FF9631BD6E77 /* FanMenuView.swift in Sources */,
				24104E053CB9081FEC639C08 /* FrameProcessor.swift in Sources */,
				F2E2239D2830719B234E0D4D /* MacaroniApp.swift in Sources */,
				ADF41F2C5832CE6959274F22 /* MainMenuView.swift in Sources */,
				2DB1148A2996B0A899F0DCC0 /* Preferences.swift in Sources */,
				B74E3ACB768AFF9FF5E77222 /* ShortcutManager.swift in Sources */,
				F716D70C32EF869103292315 /* SliderRow.swift in Sources */,
				E58B5FE2828B88D0D2ADDDF9 /* SolarBrightnessService.swift in Sources */,
				482717B5519C26F777CE2539 /* SystemExtensionManager.swift in Sources */,
				144F61AF5910D025701314DF /* ThermalService.swift in Sources */,
				03A42CAE370618769CCFDD13 /* ToggleRow.swift in Sources */,
				3F60BE797E118BDB44CC6473 /* VirtualDisplayService.swift in Sources */,
			);
			runOnlyForDeploymentPostprocessing = 0;
		};
		5E07E6FD9F95B6A75CBB9FE6 /* Sources */ = {
			isa = PBXSourcesBuildPhase;
			buildActionMask = 2147483647;
			files = (
				596CFA35FC4ECF790062A2E5 /* AudioDevice.cpp in Sources */,
				7DB544E8AD88E1D8AE767649 /* AudioRingBuffer.cpp in Sources */,
				114932E7B3AA2B28A8B866B0 /* CADebugMacros.cpp in Sources */,
				B14C46AA4F31ED32A27DA651 /* CADebugPrintf.cpp in Sources */,
				56B9678A00B5B46BA07C433C /* CAHostTimeBase.cpp in Sources */,
				E1A804C18517DA67406DB2D6 /* CAMutex.cpp in Sources */,
				4319134E44EAB09B856D0ECE /* ProxyAudioDevice.cpp in Sources */,
				5860988355AF2750F1880B00 /* utilities.cpp in Sources */,
			);
			runOnlyForDeploymentPostprocessing = 0;
		};
		88C7F49A8EB23A4D85FE0326 /* Sources */ = {
			isa = PBXSourcesBuildPhase;
			buildActionMask = 2147483647;
			files = (
				351E8193E6A9804589E25647 /* FanHelperProtocol.swift in Sources */,
				BDFFAF2EF86C00D1CA92EBE6 /* SMCWriteService.swift in Sources */,
				1E63B3160ECA87C49019638D /* main.swift in Sources */,
			);
			runOnlyForDeploymentPostprocessing = 0;
		};
		9DE00331282383E28613058D /* Sources */ = {
			isa = PBXSourcesBuildPhase;
			buildActionMask = 2147483647;
			files = (
				6C62DF101B995A4307953B3D /* MacaroniAudioDriver.cpp in Sources */,
				BBA6534189D0F689D9A3C62D /* MacaroniAudioDriver.iig in Sources */,
			);
			runOnlyForDeploymentPostprocessing = 0;
		};
		B6F7E8BFCAECE5C0897F3F15 /* Sources */ = {
			isa = PBXSourcesBuildPhase;
			buildActionMask = 2147483647;
			files = (
				5F37534A9FCF5E80E36F4829 /* ExtensionDeviceSource.swift in Sources */,
				8440A7D224F43BAE284B5FCC /* ExtensionProvider.swift in Sources */,
				61B9B49D603B2AA2A9D98A0B /* ExtensionStreamSource.swift in Sources */,
			);
			runOnlyForDeploymentPostprocessing = 0;
		};
/* End PBXSourcesBuildPhase section */

/* Begin PBXTargetDependency section */
		3B1C977378B0D590E8B7BBFF /* PBXTargetDependency */ = {
			isa = PBXTargetDependency;
			target = 772D6B5879866581DC383B94 /* MacaroniAudioProxy */;
			targetProxy = 4F18E3B062D51884A047FB61 /* PBXContainerItemProxy */;
		};
/* End PBXTargetDependency section */

/* Begin XCBuildConfiguration section */
		167C021C1C8D6B35AEA7B2A3 /* Release */ = {
			isa = XCBuildConfiguration;
			buildSettings = {
				CLANG_CXX_LANGUAGE_STANDARD = "c++17";
				CODE_SIGN_STYLE = Automatic;
				COMBINE_HIDPI_IMAGES = YES;
				ENABLE_HARDENED_RUNTIME = YES;
				GCC_ENABLE_CPP_EXCEPTIONS = YES;
				GCC_ENABLE_CPP_RTTI = YES;
				HEADER_SEARCH_PATHS = (
					"$(inherited)",
					"$(SRCROOT)/MacaroniAudioProxy/Source",
					"$(SRCROOT)/MacaroniAudioProxy/PublicUtility",
				);
				INFOPLIST_FILE = MacaroniAudioProxy/Info.plist;
				LD_RUNPATH_SEARCH_PATHS = (
					"$(inherited)",
					"@executable_path/../Frameworks",
				);
				OTHER_LDFLAGS = (
					"-framework",
					CoreFoundation,
					"-framework",
					CoreAudio,
					"-framework",
					IOKit,
				);
				PRODUCT_BUNDLE_IDENTIFIER = net.briankendall.ProxyAudioDevice;
				PRODUCT_NAME = MacaroniAudioProxy;
				SDKROOT = macosx;
				SKIP_INSTALL = YES;
				WRAPPER_EXTENSION = driver;
			};
			name = Release;
		};
		307741129FFC86F9CEE609A3 /* Debug */ = {
			isa = XCBuildConfiguration;
			buildSettings = {
				ARCHS = "$(ARCHS_STANDARD)";
				CLANG_CXX_LANGUAGE_STANDARD = "c++20";
				CODE_SIGN_ENTITLEMENTS = MacaroniAudioExtension/MacaroniAudioExtension.entitlements;
				CODE_SIGN_STYLE = Automatic;
				COMBINE_HIDPI_IMAGES = YES;
				DEVELOPMENT_TEAM = 43QM98RMK6;
				DRIVERKIT_DEPLOYMENT_TARGET = 23.0;
				ENABLE_HARDENED_RUNTIME = YES;
				INFOPLIST_FILE = MacaroniAudioExtension/Info.plist;
				LD_RUNPATH_SEARCH_PATHS = (
					"$(inherited)",
					"@executable_path/../Frameworks",
				);
				OTHER_LDFLAGS = (
					"-framework",
					AudioDriverKit,
					"-framework",
					DriverKit,
				);
				PRODUCT_BUNDLE_IDENTIFIER = "com.macaroni.app.audio-extension";
				PRODUCT_NAME = MacaroniAudioExtension;
				SDKROOT = driverkit;
				SKIP_INSTALL = YES;
			};
			name = Debug;
		};
		4B29E167710E803C3BC59B86 /* Release */ = {
			isa = XCBuildConfiguration;
			buildSettings = {
				CODE_SIGN_STYLE = Automatic;
				COMBINE_HIDPI_IMAGES = YES;
				INFOPLIST_FILE = MacaroniFanHelper/Info.plist;
				INSTALL_PATH = /Library/PrivilegedHelperTools;
				LD_RUNPATH_SEARCH_PATHS = (
					"$(inherited)",
					"@executable_path/../Frameworks",
				);
				PRODUCT_BUNDLE_IDENTIFIER = com.macaroni.fanhelper;
				PRODUCT_NAME = com.macaroni.fanhelper;
				SDKROOT = macosx;
				SKIP_INSTALL = NO;
			};
			name = Release;
		};
		5D6F063F0113963134622940 /* Debug */ = {
			isa = XCBuildConfiguration;
			buildSettings = {
				CLANG_CXX_LANGUAGE_STANDARD = "c++17";
				CODE_SIGN_STYLE = Automatic;
				COMBINE_HIDPI_IMAGES = YES;
				ENABLE_HARDENED_RUNTIME = YES;
				GCC_ENABLE_CPP_EXCEPTIONS = YES;
				GCC_ENABLE_CPP_RTTI = YES;
				HEADER_SEARCH_PATHS = (
					"$(inherited)",
					"$(SRCROOT)/MacaroniAudioProxy/Source",
					"$(SRCROOT)/MacaroniAudioProxy/PublicUtility",
				);
				INFOPLIST_FILE = MacaroniAudioProxy/Info.plist;
				LD_RUNPATH_SEARCH_PATHS = (
					"$(inherited)",
					"@executable_path/../Frameworks",
				);
				OTHER_LDFLAGS = (
					"-framework",
					CoreFoundation,
					"-framework",
					CoreAudio,
					"-framework",
					IOKit,
				);
				PRODUCT_BUNDLE_IDENTIFIER = net.briankendall.ProxyAudioDevice;
				PRODUCT_NAME = MacaroniAudioProxy;
				SDKROOT = macosx;
				SKIP_INSTALL = YES;
				WRAPPER_EXTENSION = driver;
			};
			name = Debug;
		};
		6C3BF18512328E3C93D576A3 /* Release */ = {
			isa = XCBuildConfiguration;
			buildSettings = {
				ASSETCATALOG_COMPILER_APPICON_NAME = AppIcon;
				CODE_SIGN_ENTITLEMENTS = Macaroni/Macaroni.entitlements;
				CODE_SIGN_STYLE = Automatic;
				COMBINE_HIDPI_IMAGES = YES;
				ENABLE_HARDENED_RUNTIME = YES;
				FRAMEWORK_SEARCH_PATHS = (
					"$(inherited)",
					/System/Library/PrivateFrameworks,
				);
				INFOPLIST_FILE = Macaroni/App/Info.plist;
				LD_RUNPATH_SEARCH_PATHS = (
					"$(inherited)",
					"@executable_path/../Frameworks",
				);
				OTHER_LDFLAGS = (
					"-weak_framework",
					IOMobileFramebuffer,
					"-weak_framework",
					CoreDisplay,
					"-weak_framework",
					DisplayServices,
				);
				PRODUCT_BUNDLE_IDENTIFIER = com.macaroni.app;
				SDKROOT = macosx;
				SWIFT_OBJC_BRIDGING_HEADER = "Macaroni/Macaroni-Bridging-Header.h";
			};
			name = Release;
		};
		7060470FCFC32205E2B60894 /* Debug */ = {
			isa = XCBuildConfiguration;
			buildSettings = {
				CODE_SIGN_STYLE = Automatic;
				COMBINE_HIDPI_IMAGES = YES;
				ENABLE_HARDENED_RUNTIME = YES;
				INFOPLIST_FILE = MacaroniCameraExtension/Info.plist;
				LD_RUNPATH_SEARCH_PATHS = (
					"$(inherited)",
					"@executable_path/../Frameworks",
				);
				PRODUCT_BUNDLE_IDENTIFIER = "com.macaroni.app.camera-extension";
				SDKROOT = macosx;
				SKIP_INSTALL = YES;
			};
			name = Debug;
		};
		828B614B2F2ABE0422483C1A /* Debug */ = {
			isa = XCBuildConfiguration;
			buildSettings = {
				ASSETCATALOG_COMPILER_APPICON_NAME = AppIcon;
				CODE_SIGN_ENTITLEMENTS = Macaroni/Macaroni.entitlements;
				CODE_SIGN_STYLE = Automatic;
				COMBINE_HIDPI_IMAGES = YES;
				ENABLE_HARDENED_RUNTIME = YES;
				FRAMEWORK_SEARCH_PATHS = (
					"$(inherited)",
					/System/Library/PrivateFrameworks,
				);
				INFOPLIST_FILE = Macaroni/App/Info.plist;
				LD_RUNPATH_SEARCH_PATHS = (
					"$(inherited)",
					"@executable_path/../Frameworks",
				);
				OTHER_LDFLAGS = (
					"-weak_framework",
					IOMobileFramebuffer,
					"-weak_framework",
					CoreDisplay,
					"-weak_framework",
					DisplayServices,
				);
				PRODUCT_BUNDLE_IDENTIFIER = com.macaroni.app;
				SDKROOT = macosx;
				SWIFT_OBJC_BRIDGING_HEADER = "Macaroni/Macaroni-Bridging-Header.h";
			};
			name = Debug;
		};
		9A1461EAEAAD11235B0822B4 /* Release */ = {
			isa = XCBuildConfiguration;
			buildSettings = {
				ARCHS = "$(ARCHS_STANDARD)";
				CLANG_CXX_LANGUAGE_STANDARD = "c++20";
				CODE_SIGN_ENTITLEMENTS = MacaroniAudioExtension/MacaroniAudioExtension.entitlements;
				CODE_SIGN_STYLE = Automatic;
				COMBINE_HIDPI_IMAGES = YES;
				DEVELOPMENT_TEAM = 43QM98RMK6;
				DRIVERKIT_DEPLOYMENT_TARGET = 23.0;
				ENABLE_HARDENED_RUNTIME = YES;
				INFOPLIST_FILE = MacaroniAudioExtension/Info.plist;
				LD_RUNPATH_SEARCH_PATHS = (
					"$(inherited)",
					"@executable_path/../Frameworks",
				);
				OTHER_LDFLAGS = (
					"-framework",
					AudioDriverKit,
					"-framework",
					DriverKit,
				);
				PRODUCT_BUNDLE_IDENTIFIER = "com.macaroni.app.audio-extension";
				PRODUCT_NAME = MacaroniAudioExtension;
				SDKROOT = driverkit;
				SKIP_INSTALL = YES;
			};
			name = Release;
		};
		AE7817A57D525E74D91CEFD0 /* Release */ = {
			isa = XCBuildConfiguration;
			buildSettings = {
				CODE_SIGN_STYLE = Automatic;
				COMBINE_HIDPI_IMAGES = YES;
				ENABLE_HARDENED_RUNTIME = YES;
				INFOPLIST_FILE = MacaroniCameraExtension/Info.plist;
				LD_RUNPATH_SEARCH_PATHS = (
					"$(inherited)",
					"@executable_path/../Frameworks",
				);
				PRODUCT_BUNDLE_IDENTIFIER = "com.macaroni.app.camera-extension";
				SDKROOT = macosx;
				SKIP_INSTALL = YES;
			};
			name = Release;
		};
		B20465F89EB9C5C48729DC65 /* Release */ = {
			isa = XCBuildConfiguration;
			buildSettings = {
				ALWAYS_SEARCH_USER_PATHS = NO;
				CLANG_ANALYZER_NONNULL = YES;
				CLANG_ANALYZER_NUMBER_OBJECT_CONVERSION = YES_AGGRESSIVE;
				CLANG_CXX_LANGUAGE_STANDARD = "gnu++14";
				CLANG_CXX_LIBRARY = "libc++";
				CLANG_ENABLE_MODULES = YES;
				CLANG_ENABLE_OBJC_ARC = YES;
				CLANG_ENABLE_OBJC_WEAK = YES;
				CLANG_WARN_BLOCK_CAPTURE_AUTORELEASING = YES;
				CLANG_WARN_BOOL_CONVERSION = YES;
				CLANG_WARN_COMMA = YES;
				CLANG_WARN_CONSTANT_CONVERSION = YES;
				CLANG_WARN_DEPRECATED_OBJC_IMPLEMENTATIONS = YES;
				CLANG_WARN_DIRECT_OBJC_ISA_USAGE = YES_ERROR;
				CLANG_WARN_DOCUMENTATION_COMMENTS = YES;
				CLANG_WARN_EMPTY_BODY = YES;
				CLANG_WARN_ENUM_CONVERSION = YES;
				CLANG_WARN_INFINITE_RECURSION = YES;
				CLANG_WARN_INT_CONVERSION = YES;
				CLANG_WARN_NON_LITERAL_NULL_CONVERSION = YES;
				CLANG_WARN_OBJC_IMPLICIT_RETAIN_SELF = YES;
				CLANG_WARN_OBJC_LITERAL_CONVERSION = YES;
				CLANG_WARN_OBJC_ROOT_CLASS = YES_ERROR;
				CLANG_WARN_QUOTED_INCLUDE_IN_FRAMEWORK_HEADER = YES;
				CLANG_WARN_RANGE_LOOP_ANALYSIS = YES;
				CLANG_WARN_STRICT_PROTOTYPES = YES;
				CLANG_WARN_SUSPICIOUS_MOVE = YES;
				CLANG_WARN_UNGUARDED_AVAILABILITY = YES_AGGRESSIVE;
				CLANG_WARN_UNREACHABLE_CODE = YES;
				CLANG_WARN__DUPLICATE_METHOD_MATCH = YES;
				COPY_PHASE_STRIP = NO;
				CURRENT_PROJECT_VERSION = 1;
				DEBUG_INFORMATION_FORMAT = "dwarf-with-dsym";
				DEVELOPMENT_TEAM = 43QM98RMK6;
				ENABLE_NS_ASSERTIONS = NO;
				ENABLE_STRICT_OBJC_MSGSEND = YES;
				GCC_C_LANGUAGE_STANDARD = gnu11;
				GCC_NO_COMMON_BLOCKS = YES;
				GCC_WARN_64_TO_32_BIT_CONVERSION = YES;
				GCC_WARN_ABOUT_RETURN_TYPE = YES_ERROR;
				GCC_WARN_UNDECLARED_SELECTOR = YES;
				GCC_WARN_UNINITIALIZED_AUTOS = YES_AGGRESSIVE;
				GCC_WARN_UNUSED_FUNCTION = YES;
				GCC_WARN_UNUSED_VARIABLE = YES;
				MACOSX_DEPLOYMENT_TARGET = 14.0;
				MARKETING_VERSION = 1.0;
				MTL_ENABLE_DEBUG_INFO = NO;
				MTL_FAST_MATH = YES;
				PRODUCT_NAME = "$(TARGET_NAME)";
				SDKROOT = macosx;
				SWIFT_COMPILATION_MODE = wholemodule;
				SWIFT_OPTIMIZATION_LEVEL = "-O";
				SWIFT_VERSION = 5.9;
			};
			name = Release;
		};
		B93E7EE68E4E536B52AD1749 /* Debug */ = {
			isa = XCBuildConfiguration;
			buildSettings = {
				ALWAYS_SEARCH_USER_PATHS = NO;
				CLANG_ANALYZER_NONNULL = YES;
				CLANG_ANALYZER_NUMBER_OBJECT_CONVERSION = YES_AGGRESSIVE;
				CLANG_CXX_LANGUAGE_STANDARD = "gnu++14";
				CLANG_CXX_LIBRARY = "libc++";
				CLANG_ENABLE_MODULES = YES;
				CLANG_ENABLE_OBJC_ARC = YES;
				CLANG_ENABLE_OBJC_WEAK = YES;
				CLANG_WARN_BLOCK_CAPTURE_AUTORELEASING = YES;
				CLANG_WARN_BOOL_CONVERSION = YES;
				CLANG_WARN_COMMA = YES;
				CLANG_WARN_CONSTANT_CONVERSION = YES;
				CLANG_WARN_DEPRECATED_OBJC_IMPLEMENTATIONS = YES;
				CLANG_WARN_DIRECT_OBJC_ISA_USAGE = YES_ERROR;
				CLANG_WARN_DOCUMENTATION_COMMENTS = YES;
				CLANG_WARN_EMPTY_BODY = YES;
				CLANG_WARN_ENUM_CONVERSION = YES;
				CLANG_WARN_INFINITE_RECURSION = YES;
				CLANG_WARN_INT_CONVERSION = YES;
				CLANG_WARN_NON_LITERAL_NULL_CONVERSION = YES;
				CLANG_WARN_OBJC_IMPLICIT_RETAIN_SELF = YES;
				CLANG_WARN_OBJC_LITERAL_CONVERSION = YES;
				CLANG_WARN_OBJC_ROOT_CLASS = YES_ERROR;
				CLANG_WARN_QUOTED_INCLUDE_IN_FRAMEWORK_HEADER = YES;
				CLANG_WARN_RANGE_LOOP_ANALYSIS = YES;
				CLANG_WARN_STRICT_PROTOTYPES = YES;
				CLANG_WARN_SUSPICIOUS_MOVE = YES;
				CLANG_WARN_UNGUARDED_AVAILABILITY = YES_AGGRESSIVE;
				CLANG_WARN_UNREACHABLE_CODE = YES;
				CLANG_WARN__DUPLICATE_METHOD_MATCH = YES;
				COPY_PHASE_STRIP = NO;
				CURRENT_PROJECT_VERSION = 1;
				DEBUG_INFORMATION_FORMAT = dwarf;
				DEVELOPMENT_TEAM = 43QM98RMK6;
				ENABLE_STRICT_OBJC_MSGSEND = YES;
				ENABLE_TESTABILITY = YES;
				GCC_C_LANGUAGE_STANDARD = gnu11;
				GCC_DYNAMIC_NO_PIC = NO;
				GCC_NO_COMMON_BLOCKS = YES;
				GCC_OPTIMIZATION_LEVEL = 0;
				GCC_PREPROCESSOR_DEFINITIONS = (
					"$(inherited)",
					"DEBUG=1",
				);
				GCC_WARN_64_TO_32_BIT_CONVERSION = YES;
				GCC_WARN_ABOUT_RETURN_TYPE = YES_ERROR;
				GCC_WARN_UNDECLARED_SELECTOR = YES;
				GCC_WARN_UNINITIALIZED_AUTOS = YES_AGGRESSIVE;
				GCC_WARN_UNUSED_FUNCTION = YES;
				GCC_WARN_UNUSED_VARIABLE = YES;
				MACOSX_DEPLOYMENT_TARGET = 14.0;
				MARKETING_VERSION = 1.0;
				MTL_ENABLE_DEBUG_INFO = INCLUDE_SOURCE;
				MTL_FAST_MATH = YES;
				ONLY_ACTIVE_ARCH = YES;
				PRODUCT_NAME = "$(TARGET_NAME)";
				SDKROOT = macosx;
				SWIFT_ACTIVE_COMPILATION_CONDITIONS = DEBUG;
				SWIFT_OPTIMIZATION_LEVEL = "-Onone";
				SWIFT_VERSION = 5.9;
			};
			name = Debug;
		};
		EF8EB6C91A54E67B2A729C4C /* Debug */ = {
			isa = XCBuildConfiguration;
			buildSettings = {
				CODE_SIGN_STYLE = Automatic;
				COMBINE_HIDPI_IMAGES = YES;
				INFOPLIST_FILE = MacaroniFanHelper/Info.plist;
				INSTALL_PATH = /Library/PrivilegedHelperTools;
				LD_RUNPATH_SEARCH_PATHS = (
					"$(inherited)",
					"@executable_path/../Frameworks",
				);
				PRODUCT_BUNDLE_IDENTIFIER = com.macaroni.fanhelper;
				PRODUCT_NAME = com.macaroni.fanhelper;
				SDKROOT = macosx;
				SKIP_INSTALL = NO;
			};
			name = Debug;
		};
/* End XCBuildConfiguration section */

/* Begin XCConfigurationList section */
		18FA692D0694A6CEA7A43039 /* Build configuration list for PBXNativeTarget "Macaroni" */ = {
			isa = XCConfigurationList;
			buildConfigurations = (
				828B614B2F2ABE0422483C1A /* Debug */,
				6C3BF18512328E3C93D576A3 /* Release */,
			);
			defaultConfigurationIsVisible = 0;
			defaultConfigurationName = Debug;
		};
		19D0FA0D72D687E48BB186F3 /* Build configuration list for PBXProject "Macaroni" */ = {
			isa = XCConfigurationList;
			buildConfigurations = (
				B93E7EE68E4E536B52AD1749 /* Debug */,
				B20465F89EB9C5C48729DC65 /* Release */,
			);
			defaultConfigurationIsVisible = 0;
			defaultConfigurationName = Debug;
		};
		1ECA2C60530DB8D6E5999991 /* Build configuration list for PBXNativeTarget "MacaroniCameraExtension" */ = {
			isa = XCConfigurationList;
			buildConfigurations = (
				7060470FCFC32205E2B60894 /* Debug */,
				AE7817A57D525E74D91CEFD0 /* Release */,
			);
			defaultConfigurationIsVisible = 0;
			defaultConfigurationName = Debug;
		};
		22C3BBF9BF01EAD67D64E72E /* Build configuration list for PBXNativeTarget "MacaroniFanHelper" */ = {
			isa = XCConfigurationList;
			buildConfigurations = (
				EF8EB6C91A54E67B2A729C4C /* Debug */,
				4B29E167710E803C3BC59B86 /* Release */,
			);
			defaultConfigurationIsVisible = 0;
			defaultConfigurationName = Debug;
		};
		5248B936104E081C93B1C8CB /* Build configuration list for PBXNativeTarget "MacaroniAudioProxy" */ = {
			isa = XCConfigurationList;
			buildConfigurations = (
				5D6F063F0113963134622940 /* Debug */,
				167C021C1C8D6B35AEA7B2A3 /* Release */,
			);
			defaultConfigurationIsVisible = 0;
			defaultConfigurationName = Debug;
		};
		B4202770EEDBD4936D6F7AC0 /* Build configuration list for PBXNativeTarget "MacaroniAudioExtension" */ = {
			isa = XCConfigurationList;
			buildConfigurations = (
				307741129FFC86F9CEE609A3 /* Debug */,
				9A1461EAEAAD11235B0822B4 /* Release */,
			);
			defaultConfigurationIsVisible = 0;
			defaultConfigurationName = Debug;
		};
/* End XCConfigurationList section */

/* Begin XCRemoteSwiftPackageReference section */
		3E410B4BFB6AF85E2A06EDA4 /* XCRemoteSwiftPackageReference "LaunchAtLogin-Modern" */ = {
			isa = XCRemoteSwiftPackageReference;
			repositoryURL = "https://github.com/sindresorhus/LaunchAtLogin-Modern";
			requirement = {
				kind = upToNextMajorVersion;
				minimumVersion = 1.0.0;
			};
		};
		5CF4C7F21D5FD953E353947D /* XCRemoteSwiftPackageReference "Solar" */ = {
			isa = XCRemoteSwiftPackageReference;
			repositoryURL = "https://github.com/ceeK/Solar";
			requirement = {
				kind = upToNextMajorVersion;
				minimumVersion = 3.0.0;
			};
		};
		D88A44F2E8B15853A81E7E9A /* XCRemoteSwiftPackageReference "SimplyCoreAudio" */ = {
			isa = XCRemoteSwiftPackageReference;
			repositoryURL = "https://github.com/rnine/SimplyCoreAudio";
			requirement = {
				kind = upToNextMajorVersion;
				minimumVersion = 4.0.0;
			};
		};
		E77520DE6C180438F2DD22AD /* XCRemoteSwiftPackageReference "KeyboardShortcuts" */ = {
			isa = XCRemoteSwiftPackageReference;
			repositoryURL = "https://github.com/sindresorhus/KeyboardShortcuts";
			requirement = {
				kind = upToNextMajorVersion;
				minimumVersion = 2.0.0;
			};
		};
/* End XCRemoteSwiftPackageReference section */

/* Begin XCSwiftPackageProductDependency section */
		4595E03A7F2A32591A4B153A /* Solar */ = {
			isa = XCSwiftPackageProductDependency;
			package = 5CF4C7F21D5FD953E353947D /* XCRemoteSwiftPackageReference "Solar" */;
			productName = Solar;
		};
		4F26AB402A17A75844BC305E /* KeyboardShortcuts */ = {
			isa = XCSwiftPackageProductDependency;
			package = E77520DE6C180438F2DD22AD /* XCRemoteSwiftPackageReference "KeyboardShortcuts" */;
			productName = KeyboardShortcuts;
		};
		6E2A42BF616D971595BF2CBF /* SimplyCoreAudio */ = {
			isa = XCSwiftPackageProductDependency;
			package = D88A44F2E8B15853A81E7E9A /* XCRemoteSwiftPackageReference "SimplyCoreAudio" */;
			productName = SimplyCoreAudio;
		};
		CA7FEF6A3CD0891606783468 /* LaunchAtLogin */ = {
			isa = XCSwiftPackageProductDependency;
			package = 3E410B4BFB6AF85E2A06EDA4 /* XCRemoteSwiftPackageReference "LaunchAtLogin-Modern" */;
			productName = LaunchAtLogin;
		};
/* End XCSwiftPackageProductDependency section */
	};
	rootObject = 0A552AD462823B5D3DF2BFFC /* Project object */;
}
